
Microsoft Visual Studio Solution File, Format Version 12.00
# Visual Studio Version 17
VisualStudioVersion = 17.6.33815.320
MinimumVisualStudioVersion = 10.0.40219.1
Project("{FAE04EC0-301F-11D3-BF4B-00C04F79EFBC}") = "DATN_TriNhat", "DATN_TriNhat.csproj", "{1C26D506-AF70-4574-9ED3-D9F85AAB7189}"
EndProject
Global
	GlobalSection(SolutionConfigurationPlatforms) = preSolution
		Debug|Any CPU = Debug|Any CPU
		Release|Any CPU = Release|Any CPU
	EndGlobalSection
	GlobalSection(ProjectConfigurationPlatforms) = postSolution
		{1C26D506-AF70-4574-9ED3-D9F85AAB7189}.Debug|Any CPU.ActiveCfg = Debug|Any CPU
		{1C26D506-AF70-4574-9ED3-D9F85AAB7189}.Debug|Any CPU.Build.0 = Debug|Any CPU
		{1C26D506-AF70-4574-9ED3-D9F85AAB7189}.Release|Any CPU.ActiveCfg = Release|Any CPU
		{1C26D506-AF70-4574-9ED3-D9F85AAB7189}.Release|Any CPU.Build.0 = Release|Any CPU
	EndGlobalSection
	GlobalSection(SolutionProperties) = preSolution
		HideSolutionNode = FALSE
	EndGlobalSection
	GlobalSection(ExtensibilityGlobals) = postSolution
		SolutionGuid = {580A6462-DFEF-450A-A445-D3E4C88F3997}
	EndGlobalSection
EndGlobal
